// !$*UTF8*$!
{
	archiveVersion = 1;
	classes = {
	};
	objectVersion = 50;
	objects = {

/* Begin PBXBuildFile section */
		B2FEC0EE2484637B00A9A18F /* AppDelegate.swift in Sources */ = {isa = PBXBuildFile; fileRef = B2FEC0ED2484637B00A9A18F /* AppDelegate.swift */; };
		B2FEC0F02484637B00A9A18F /* SceneDelegate.swift in Sources */ = {isa = PBXBuildFile; fileRef = B2FEC0EF2484637B00A9A18F /* SceneDelegate.swift */; };
		B2FEC0F22484637B00A9A18F /* ViewController.swift in Sources */ = {isa = PBXBuildFile; fileRef = B2FEC0F12484637B00A9A18F /* ViewController.swift */; };
		B2FEC0F52484637B00A9A18F /* Main.storyboard in Resources */ = {isa = PBXBuildFile; fileRef = B2FEC0F32484637B00A9A18F /* Main.storyboard */; };
		B2FEC0F72484637C00A9A18F /* Assets.xcassets in Resources */ = {isa = PBXBuildFile; fileRef = B2FEC0F62484637C00A9A18F /* Assets.xcassets */; };
		B2FEC0FA2484637C00A9A18F /* LaunchScreen.storyboard in Resources */ = {isa = PBXBuildFile; fileRef = B2FEC0F82484637C00A9A18F /* LaunchScreen.storyboard */; };
/* End PBXBuildFile section */

/* Begin PBXFileReference section */
		B2FEC0EA2484637B00A9A18F /* webcontent.app */ = {isa = PBXFileReference; explicitFileType = wrapper.application; includeInIndex = 0; path = webcontent.app; sourceTree = BUILT_PRODUCTS_DIR; };
		B2FEC0ED2484637B00A9A18F /* AppDelegate.swift */ = {isa = PBXFileReference; lastKnownFileType = sourcecode.swift; path = AppDelegate.swift; sourceTree = "<group>"; };
		B2FEC0EF2484637B00A9A18F /* SceneDelegate.swift */ = {isa = PBXFileReference; lastKnownFileType = sourcecode.swift; path = SceneDelegate.swift; sourceTree = "<group>"; };
		B2FEC0F12484637B00A9A18F /* ViewController.swift */ = {isa = PBXFileReference; lastKnownFileType = sourcecode.swift; path = ViewController.swift; sourceTree = "<group>"; };
		B2FEC0F42484637B00A9A18F /* Base */ = {isa = PBXFileReference; lastKnownFileType = file.storyboard; name = Base; path = Base.lproj/Main.storyboard; sourceTree = "<group>"; };
		B2FEC0F62484637C00A9A18F /* Assets.xcassets */ = {isa = PBXFileReference; lastKnownFileType = folder.assetcatalog; path = Assets.xcassets; sourceTree = "<group>"; };
		B2FEC0F92484637C00A9A18F /* Base */ = {isa = PBXFileReference; lastKnownFileType = file.storyboard; name = Base; path = Base.lproj/LaunchScreen.storyboard; sourceTree = "<group>"; };
		B2FEC0FB2484637C00A9A18F /* Info.plist */ = {isa = PBXFileReference; lastKnownFileType = text.plist.xml; path = Info.plist; sourceTree = "<group>"; };
/* End PBXFileReference section */

/* Begin PBXFrameworksBuildPhase section */
		B2FEC0E72484637B00A9A18F /* Frameworks */ = {
			isa = PBXFrameworksBuildPhase;
			buildActionMask = 2147483647;
			files = (
			);
			runOnlyForDeploymentPostprocessing = 0;
		};
/* End PBXFrameworksBuildPhase section */

/* Begin PBXGroup section */
		B2FEC0E12484637B00A9A18F = {
			isa = PBXGroup;
			children = (
				B2FEC0EC2484637B00A9A18F /* webcontent */,
				B2FEC0EB2484637B00A9A18F /* Products */,
			);
			sourceTree = "<group>";
		};
		B2FEC0EB2484637B00A9A18F /* Products */ = {
			isa = PBXGroup;
			children = (
				B2FEC0EA2484637B00A9A18F /* webcontent.app */,
			);
			name = Products;
			sourceTree = "<group>";
		};
		B2FEC0EC2484637B00A9A18F /* webcontent */ = {
			isa = PBXGroup;
			children = (
				B2FEC0ED2484637B00A9A18F /* AppDelegate.swift */,
				B2FEC0EF2484637B00A9A18F /* SceneDelegate.swift */,
				B2FEC0F12484637B00A9A18F /* ViewController.swift */,
				B2FEC0F32484637B00A9A18F /* Main.storyboard */,
				B2FEC0F62484637C00A9A18F /* Assets.xcassets */,
				B2FEC0F82484637C00A9A18F /* LaunchScreen.storyboard */,
				B2FEC0FB2484637C00A9A18F /* Info.plist */,
			);
			path = webcontent;
			sourceTree = "<group>";
		};
/* End PBXGroup section */

/* Begin PBXNativeTarget section */
		B2FEC0E92484637B00A9A18F /* webcontent */ = {
			isa = PBXNativeTarget;
			buildConfigurationList = B2FEC0FE2484637C00A9A18F /* Build configuration list for PBXNativeTarget "webcontent" */;
			buildPhases = (
				B2FEC0E62484637B00A9A18F /* Sources */,
				B2FEC0E72484637B00A9A18F /* Frameworks */,
				B2FEC0E82484637B00A9A18F /* Resources */,
			);
			buildRules = (
			);
			dependencies = (
			);
			name = webcontent;
			productName = webcontent;
			productReference = B2FEC0EA2484637B00A9A18F /* webcontent.app */;
			productType = "com.apple.product-type.application";
		};
/* End PBXNativeTarget section */

/* Begin PBXProject section */
		B2FEC0E22484637B00A9A18F /* Project object */ = {
			isa = PBXProject;
			attributes = {
				LastSwiftUpdateCheck = 1140;
				LastUpgradeCheck = 1140;
				ORGANIZATIONNAME = "Mario Perozo";
				TargetAttributes = {
					B2FEC0E92484637B00A9A18F = {
						CreatedOnToolsVersion = 11.4.1;
					};
				};
			};
			buildConfigurationList = B2FEC0E52484637B00A9A18F /* Build configuration list for PBXProject "webcontent" */;
			compatibilityVersion = "Xcode 9.3";
			developmentRegion = en;
			hasScannedForEncodings = 0;
			knownRegions = (
				en,
				Base,
			);
			mainGroup = B2FEC0E12484637B00A9A18F;
			productRefGroup = B2FEC0EB2484637B00A9A18F /* Products */;
			projectDirPath = "";
			projectRoot = "";
			targets = (
				B2FEC0E92484637B00A9A18F /* webcontent */,
			);
		};
/* End PBXProject section */

/* Begin PBXResourcesBuildPhase section */
		B2FEC0E82484637B00A9A18F /* Resources */ = {
			isa = PBXResourcesBuildPhase;
			buildActionMask = 2147483647;
			files = (
				B2FEC0FA2484637C00A9A18F /* LaunchScreen.storyboard in Resources */,
				B2FEC0F72484637C00A9A18F /* Assets.xcassets in Resources */,
				B2FEC0F52484637B00A9A18F /* Main.storyboard in Resources */,
			);
			runOnlyForDeploymentPostprocessing = 0;
		};
/* End PBXResourcesBuildPhase section */

/* Begin PBXSourcesBuildPhase section */
		B2FEC0E62484637B00A9A18F /* Sources */ = {
			isa = PBXSourcesBuildPhase;
			buildActionMask = 2147483647;
			files = (
				B2FEC0F22484637B00A9A18F /* ViewController.swift in Sources */,
				B2FEC0EE2484637B00A9A18F /* AppDelegate.swift in Sources */,
				B2FEC0F02484637B00A9A18F /* SceneDelegate.swift in Sources */,
			);
			runOnlyForDeploymentPostprocessing = 0;
		};
/* End PBXSourcesBuildPhase section */

/* Begin PBXVariantGroup section */
		B2FEC0F32484637B00A9A18F /* Main.storyboard */ = {
			isa = PBXVariantGroup;
			children = (
				B2FEC0F42484637B00A9A18F /* Base */,
			);
			name = Main.storyboard;
			sourceTree = "<group>";
		};
		B2FEC0F82484637C00A9A18F /* LaunchScreen.storyboard */ = {
			isa = PBXVariantGroup;
			children = (
				B2FEC0F92484637C00A9A18F /* Base */,
			);
			name = LaunchScreen.storyboard;
			sourceTree = "<group>";
		};
/* End PBXVariantGroup section */

/* Begin XCBuildConfiguration section */
		B2FEC0FC2484637C00A9A18F /* Debug */ = {
			isa = XCBuildConfiguration;
			buildSettings = {
				ALWAYS_SEARCH_USER_PATHS = NO;
				CLANG_ANALYZER_NONNULL = YES;
				CLANG_ANALYZER_NUMBER_OBJECT_CONVERSION = YES_AGGRESSIVE;
				CLANG_CXX_LANGUAGE_STANDARD = "gnu++14";
				CLANG_CXX_LIBRARY = "libc++";
				CLANG_ENABLE_MODULES = YES;
				CLANG_ENABLE_OBJC_ARC = YES;
				CLANG_ENABLE_OBJC_WEAK = YES;
				CLANG_WARN_BLOCK_CAPTURE_AUTORELEASING = YES;
				CLANG_WARN_BOOL_CONVERSION = YES;
				CLANG_WARN_COMMA = YES;
				CLANG_WARN_CONSTANT_CONVERSION = YES;
				CLANG_WARN_DEPRECATED_OBJC_IMPLEMENTATIONS = YES;
				CLANG_WARN_DIRECT_OBJC_ISA_USAGE = YES_ERROR;
				CLANG_WARN_DOCUMENTATION_COMMENTS = YES;
				CLANG_WARN_EMPTY_BODY = YES;
				CLANG_WARN_ENUM_CONVERSION = YES;
				CLANG_WARN_INFINITE_RECURSION = YES;
				CLANG_WARN_INT_CONVERSION = YES;
				CLANG_WARN_NON_LITERAL_NULL_CONVERSION = YES;
				CLANG_WARN_OBJC_IMPLICIT_RETAIN_SELF = YES;
				CLANG_WARN_OBJC_LITERAL_CONVERSION = YES;
				CLANG_WARN_OBJC_ROOT_CLASS = YES_ERROR;
				CLANG_WARN_RANGE_LOOP_ANALYSIS = YES;
				CLANG_WARN_STRICT_PROTOTYPES = YES;
				CLANG_WARN_SUSPICIOUS_MOVE = YES;
				CLANG_WARN_UNGUARDED_AVAILABILITY = YES_AGGRESSIVE;
				CLANG_WARN_UNREACHABLE_CODE = YES;
				CLANG_WARN__DUPLICATE_METHOD_MATCH = YES;
				COPY_PHASE_STRIP = NO;
				DEBUG_INFORMATION_FORMAT = dwarf;
				ENABLE_STRICT_OBJC_MSGSEND = YES;
				ENABLE_TESTABILITY = YES;
				GCC_C_LANGUAGE_STANDARD = gnu11;
				GCC_DYNAMIC_NO_PIC = NO;
				GCC_NO_COMMON_BLOCKS = YES;
				GCC_OPTIMIZATION_LEVEL = 0;
				GCC_PREPROCESSOR_DEFINITIONS = (
					"DEBUG=1",
					"$(inherited)",
				);
				GCC_WARN_64_TO_32_BIT_CONVERSION = YES;
				GCC_WARN_ABOUT_RETURN_TYPE = YES_ERROR;
				GCC_WARN_UNDECLARED_SELECTOR = YES;
				GCC_WARN_UNINITIALIZED_AUTOS = YES_AGGRESSIVE;
				GCC_WARN_UNUSED_FUNCTION = YES;
				GCC_WARN_UNUSED_VARIABLE = YES;
				IPHONEOS_DEPLOYMENT_TARGET = 13.4;
				MTL_ENABLE_DEBUG_INFO = INCLUDE_SOURCE;
				MTL_FAST_MATH = YES;
				ONLY_ACTIVE_ARCH = YES;
				SDKROOT = iphoneos;
				SWIFT_ACTIVE_COMPILATION_CONDITIONS = DEBUG;
				SWIFT_OPTIMIZATION_LEVEL = "-Onone";
			};
			name = Debug;
		};
		B2FEC0FD2484637C00A9A18F /* Release */ = {
			isa = XCBuildConfiguration;
			buildSettings = {
				ALWAYS_SEARCH_USER_PATHS = NO;
				CLANG_ANALYZER_NONNULL = YES;
				CLANG_ANALYZER_NUMBER_OBJECT_CONVERSION = YES_AGGRESSIVE;
				CLANG_CXX_LANGUAGE_STANDARD = "gnu++14";
				CLANG_CXX_LIBRARY = "libc++";
				CLANG_ENABLE_MODULES = YES;
				CLANG_ENABLE_OBJC_ARC = YES;
				CLANG_ENABLE_OBJC_WEAK = YES;
				CLANG_WARN_BLOCK_CAPTURE_AUTORELEASING = YES;
				CLANG_WARN_BOOL_CONVERSION = YES;
				CLANG_WARN_COMMA = YES;
				CLANG_WARN_CONSTANT_CONVERSION = YES;
				CLANG_WARN_DEPRECATED_OBJC_IMPLEMENTATIONS = YES;
				CLANG_WARN_DIRECT_OBJC_ISA_USAGE = YES_ERROR;
				CLANG_WARN_DOCUMENTATION_COMMENTS = YES;
				CLANG_WARN_EMPTY_BODY = YES;
				CLANG_WARN_ENUM_CONVERSION = YES;
				CLANG_WARN_INFINITE_RECURSION = YES;
				CLANG_WARN_INT_CONVERSION = YES;
				CLANG_WARN_NON_LITERAL_NULL_CONVERSION = YES;
				CLANG_WARN_OBJC_IMPLICIT_RETAIN_SELF = YES;
				CLANG_WARN_OBJC_LITERAL_CONVERSION = YES;
				CLANG_WARN_OBJC_ROOT_CLASS = YES_ERROR;
				CLANG_WARN_RANGE_LOOP_ANALYSIS = YES;
				CLANG_WARN_STRICT_PROTOTYPES = YES;
				CLANG_WARN_SUSPICIOUS_MOVE = YES;
				CLANG_WARN_UNGUARDED_AVAILABILITY = YES_AGGRESSIVE;
				CLANG_WARN_UNREACHABLE_CODE = YES;
				CLANG_WARN__DUPLICATE_METHOD_MATCH = YES;
				COPY_PHASE_STRIP = NO;
				DEBUG_INFORMATION_FORMAT = "dwarf-with-dsym";
				ENABLE_NS_ASSERTIONS = NO;
				ENABLE_STRICT_OBJC_MSGSEND = YES;
				GCC_C_LANGUAGE_STANDARD = gnu11;
				GCC_NO_COMMON_BLOCKS = YES;
				GCC_WARN_64_TO_32_BIT_CONVERSION = YES;
				GCC_WARN_ABOUT_RETURN_TYPE = YES_ERROR;
				GCC_WARN_UNDECLARED_SELECTOR = YES;
				GCC_WARN_UNINITIALIZED_AUTOS = YES_AGGRESSIVE;
				GCC_WARN_UNUSED_FUNCTION = YES;
				GCC_WARN_UNUSED_VARIABLE = YES;
				IPHONEOS_DEPLOYMENT_TARGET = 13.4;
				MTL_ENABLE_DEBUG_INFO = NO;
				MTL_FAST_MATH = YES;
				SDKROOT = iphoneos;
				SWIFT_COMPILATION_MODE = wholemodule;
				SWIFT_OPTIMIZATION_LEVEL = "-O";
				VALIDATE_PRODUCT = YES;
			};
			name = Release;
		};
		B2FEC0FF2484637C00A9A18F /* Debug */ = {
			isa = XCBuildConfiguration;
			buildSettings = {
				ASSETCATALOG_COMPILER_APPICON_NAME = AppIcon;
				CODE_SIGN_STYLE = Automatic;
				DEVELOPMENT_TEAM = R6T7RY86SY;
				INFOPLIST_FILE = webcontent/Info.plist;
				LD_RUNPATH_SEARCH_PATHS = (
					"$(inherited)",
					"@executable_path/Frameworks",
				);
				PRODUCT_BUNDLE_IDENTIFIER = com.patatech.webcontent;
				PRODUCT_NAME = "$(TARGET_NAME)";
				SWIFT_VERSION = 5.0;
				TARGETED_DEVICE_FAMILY = "1,2";
			};
			name = Debug;
		};
		B2FEC1002484637C00A9A18F /* Release */ = {
			isa = XCBuildConfiguration;
			buildSettings = {
				ASSETCATALOG_COMPILER_APPICON_NAME = AppIcon;
				CODE_SIGN_STYLE = Automatic;
				DEVELOPMENT_TEAM = R6T7RY86SY;
				INFOPLIST_FILE = webcontent/Info.plist;
				LD_RUNPATH_SEARCH_PATHS = (
					"$(inherited)",
					"@executable_path/Frameworks",
				);
				PRODUCT_BUNDLE_IDENTIFIER = com.patatech.webcontent;
				PRODUCT_NAME = "$(TARGET_NAME)";
				SWIFT_VERSION = 5.0;
				TARGETED_DEVICE_FAMILY = "1,2";
			};
			name = Release;
		};
/* End XCBuildConfiguration section */

/* Begin XCConfigurationList section */
		B2FEC0E52484637B00A9A18F /* Build configuration list for PBXProject "webcontent" */ = {
			isa = XCConfigurationList;
			buildConfigurations = (
				B2FEC0FC2484637C00A9A18F /* Debug */,
				B2FEC0FD2484637C00A9A18F /* Release */,
			);
			defaultConfigurationIsVisible = 0;
			defaultConfigurationName = Release;
		};
		B2FEC0FE2484637C00A9A18F /* Build configuration list for PBXNativeTarget "webcontent" */ = {
			isa = XCConfigurationList;
			buildConfigurations = (
				B2FEC0FF2484637C00A9A18F /* Debug */,
				B2FEC1002484637C00A9A18F /* Release */,
			);
			defaultConfigurationIsVisible = 0;
			defaultConfigurationName = Release;
		};
/* End XCConfigurationList section */
	};
	rootObject = B2FEC0E22484637B00A9A18F /* Project object */;
}
